
Microsoft Visual Studio Solution File, Format Version 12.00
# Visual Studio Version 17
VisualStudioVersion = 17.14.36511.14
MinimumVisualStudioVersion = 10.0.40219.1
Project("{2150E333-8FDC-42A3-9474-1A3956D46DE8}") = "Task0", "Task0", "{02EA681E-C7D8-13C7-8484-4AC65E1B71E8}"
EndProject
Project("{FAE04EC0-301F-11D3-BF4B-00C04F79EFBC}") = "Tyuiu.ChepragaDM.Sprint4.Task0.V2", "Tyuiu.ChepragaDM.Sprint4.Task0.V2\Tyuiu.ChepragaDM.Sprint4.Task0.V2.csproj", "{3BE68F4D-2B0C-4B7F-9BCE-450DE53F6898}"
EndProject
Project("{FAE04EC0-301F-11D3-BF4B-00C04F79EFBC}") = "Tyuiu.ChepragaDM.Sprint4.Task0.V2.Test", "Tyuiu.ChepragaDM.Sprint4.Task0.V2.Test\Tyuiu.ChepragaDM.Sprint4.Task0.V2.Test.csproj", "{FEB2DB32-A2C5-43BA-94A6-E329C69AECAD}"
EndProject
Project("{FAE04EC0-301F-11D3-BF4B-00C04F79EFBC}") = "Tyuiu.ChepragaDM.Sprint4.Task0.V2.Lib", "Tyuiu.ChepragaDM.Sprint4.Task0.V2.Lib\Tyuiu.ChepragaDM.Sprint4.Task0.V2.Lib.csproj", "{570E73FC-BC9A-4497-9E85-F3455E4CDB67}"
EndProject
Project("{2150E333-8FDC-42A3-9474-1A3956D46DE8}") = "Task1", "Task1", "{0607C40D-2DC0-4CA9-A39E-1167C3DF605A}"
EndProject
Project("{FAE04EC0-301F-11D3-BF4B-00C04F79EFBC}") = "Tyuiu.ChepragaDM.Sprint4.Task1.V7.Lib", "Tyuiu.ChepragaDM.Sprint4.Task1.V7.Lib\Tyuiu.ChepragaDM.Sprint4.Task1.V7.Lib.csproj", "{F7E36FC9-A460-4FA1-AEC7-4CC092827DDF}"
EndProject
Project("{FAE04EC0-301F-11D3-BF4B-00C04F79EFBC}") = "Tyuiu.ChepragaDM.Sprint4.Task1.V7.Test", "Tyuiu.ChepragaDM.Sprint4.Task1.V7.Test\Tyuiu.ChepragaDM.Sprint4.Task1.V7.Test.csproj", "{2BFA694B-407D-4C1E-A20D-88E0D6E97024}"
EndProject
Project("{FAE04EC0-301F-11D3-BF4B-00C04F79EFBC}") = "Tyuiu.ChepragaDM.Sprint4.Task1.V7", "Tyuiu.ChepragaDM.Sprint4.Task1.V7\Tyuiu.ChepragaDM.Sprint4.Task1.V7.csproj", "{0D134DD9-119E-4367-8074-1D4507597D0E}"
EndProject
Project("{2150E333-8FDC-42A3-9474-1A3956D46DE8}") = "Task2", "Task2", "{813BE3B5-830D-4C78-BEB3-A3C682EF8589}"
EndProject
Project("{FAE04EC0-301F-11D3-BF4B-00C04F79EFBC}") = "Tyuiu.ChepragaDM.Sprint4.Task2.V21", "Tyuiu.ChepragaDM.Sprint4.Task2.V21\Tyuiu.ChepragaDM.Sprint4.Task2.V21.csproj", "{CB63C6CF-56D9-4BC7-B951-6A0FD47A6FF3}"
EndProject
Project("{FAE04EC0-301F-11D3-BF4B-00C04F79EFBC}") = "Tyuiu.ChepragaDM.Sprint4.Task2.V21.Test", "Tyuiu.ChepragaDM.Sprint4.Task2.V21.Test\Tyuiu.ChepragaDM.Sprint4.Task2.V21.Test.csproj", "{E64571D1-8AC4-4480-A4E1-45170D2579CD}"
EndProject
Project("{FAE04EC0-301F-11D3-BF4B-00C04F79EFBC}") = "Tyuiu.ChepragaDM.Sprint4.Task2.V21.Lib", "Tyuiu.ChepragaDM.Sprint4.Task2.V21.Lib\Tyuiu.ChepragaDM.Sprint4.Task2.V21.Lib.csproj", "{464C9C87-EDC5-4F47-8BA7-7E0E971A5417}"
EndProject
Project("{2150E333-8FDC-42A3-9474-1A3956D46DE8}") = "Task3", "Task3", "{F86262DE-5844-4BF0-910A-F1A8B5EB2587}"
EndProject
Project("{FAE04EC0-301F-11D3-BF4B-00C04F79EFBC}") = "Tyuiu.ChepragaDM.Sprint4.Task3.V10", "Tyuiu.ChepragaDM.Sprint4.Task3.V10\Tyuiu.ChepragaDM.Sprint4.Task3.V10.csproj", "{2D994FAC-9FBD-47D9-B7A1-3751DC03C6BD}"
EndProject
Project("{FAE04EC0-301F-11D3-BF4B-00C04F79EFBC}") = "Tyuiu.ChepragaDM.Sprint4.Task3.V10.Lib", "Tyuiu.ChepragaDM.Sprint4.Task3.V10.Lib\Tyuiu.ChepragaDM.Sprint4.Task3.V10.Lib.csproj", "{507ACC09-D575-4A8F-A684-56432A6C40CF}"
EndProject
Project("{FAE04EC0-301F-11D3-BF4B-00C04F79EFBC}") = "Tyuiu.ChepragaDM.Sprint4.Task3.V10.Test", "Tyuiu.ChepragaDM.Sprint4.Task3.V10.Test\Tyuiu.ChepragaDM.Sprint4.Task3.V10.Test.csproj", "{B94606DC-8B22-4F49-A63A-0FC6B93251BB}"
EndProject
Project("{2150E333-8FDC-42A3-9474-1A3956D46DE8}") = "Task4", "Task4", "{D0E05DAC-BB61-43F9-8596-55CBA6E72EFB}"
EndProject
Project("{FAE04EC0-301F-11D3-BF4B-00C04F79EFBC}") = "Tyuiu.ChepragaDM.Sprint4.Task4.V24", "Tyuiu.ChepragaDM.Sprint4.Task4.V24\Tyuiu.ChepragaDM.Sprint4.Task4.V24.csproj", "{3B76EBDF-54C9-425F-B4E7-102085A965B5}"
EndProject
Project("{FAE04EC0-301F-11D3-BF4B-00C04F79EFBC}") = "Tyuiu.ChepragaDM.Sprint4.Task4.V24.Test", "Tyuiu.ChepragaDM.Sprint4.Task4.V24.Test\Tyuiu.ChepragaDM.Sprint4.Task4.V24.Test.csproj", "{4BF2DDA1-C484-43B9-8C54-51201EE33F0E}"
EndProject
Project("{FAE04EC0-301F-11D3-BF4B-00C04F79EFBC}") = "Tyuiu.ChepragaDM.Sprint4.Task4.V24.Lib", "Tyuiu.ChepragaDM.Sprint4.Task4.V24.Lib\Tyuiu.ChepragaDM.Sprint4.Task4.V24.Lib.csproj", "{0F592F7C-C8B9-44B4-97D6-CF11A3F98E0C}"
EndProject
Project("{2150E333-8FDC-42A3-9474-1A3956D46DE8}") = "Task5", "Task5", "{4103BF87-1DD5-4B2A-ADC1-37F72A7721D2}"
EndProject
Project("{FAE04EC0-301F-11D3-BF4B-00C04F79EFBC}") = "Tyuiu.ChepragaDM.Sprint4.Task5.V16", "Tyuiu.ChepragaDM.Sprint4.Task5.V16\Tyuiu.ChepragaDM.Sprint4.Task5.V16.csproj", "{5BE6FD48-0CC7-4895-9146-68F336799974}"
EndProject
Project("{FAE04EC0-301F-11D3-BF4B-00C04F79EFBC}") = "Tyuiu.ChepragaDM.Sprint4.Task5.V16.Lib", "Tyuiu.ChepragaDM.Sprint4.Task5.V16.Lib\Tyuiu.ChepragaDM.Sprint4.Task5.V16.Lib.csproj", "{E7490F27-71F9-47D4-9DA0-4B1F13152561}"
EndProject
Project("{FAE04EC0-301F-11D3-BF4B-00C04F79EFBC}") = "Tyuiu.ChepragaDM.Sprint4.Task5.V16.Test", "Tyuiu.ChepragaDM.Sprint4.Task5.V16.Test\Tyuiu.ChepragaDM.Sprint4.Task5.V16.Test.csproj", "{57A99969-97FD-4DA8-A0BE-F733720617E4}"
EndProject
Project("{2150E333-8FDC-42A3-9474-1A3956D46DE8}") = "Task6", "Task6", "{DD6F1CCA-6340-4D04-B2EA-21428C434349}"
EndProject
Project("{FAE04EC0-301F-11D3-BF4B-00C04F79EFBC}") = "Tyuiu.ChepragaDM.Sprint4.Task6.V30", "Tyuiu.ChepragaDM.Sprint4.Task6.V30\Tyuiu.ChepragaDM.Sprint4.Task6.V30.csproj", "{739AB7DB-E5A8-418E-90FE-D63D5843461A}"
EndProject
Project("{FAE04EC0-301F-11D3-BF4B-00C04F79EFBC}") = "Tyuiu.ChepragaDM.Sprint4.Task6.V30.Test", "Tyuiu.ChepragaDM.Sprint4.Task6.V30.Test\Tyuiu.ChepragaDM.Sprint4.Task6.V30.Test.csproj", "{213F74C4-C6DF-4775-B768-5BFAEDF7C26C}"
EndProject
Project("{FAE04EC0-301F-11D3-BF4B-00C04F79EFBC}") = "Tyuiu.ChepragaDM.Sprint4.Task6.V30.Lib", "Tyuiu.ChepragaDM.Sprint4.Task6.V30.Lib\Tyuiu.ChepragaDM.Sprint4.Task6.V30.Lib.csproj", "{E3A19C6C-B9BC-4F92-ABA7-C629830FA008}"
EndProject
Project("{2150E333-8FDC-42A3-9474-1A3956D46DE8}") = "Task7", "Task7", "{5C23EF18-8144-45F4-9DFA-4885818A1FD8}"
EndProject
Project("{FAE04EC0-301F-11D3-BF4B-00C04F79EFBC}") = "Tyuiu.ChepragaDM.Sprint4.Task7.V24.Lib", "Tyuiu.ChepragaDM.Sprint4.Task7.V24.Lib\Tyuiu.ChepragaDM.Sprint4.Task7.V24.Lib.csproj", "{4F829E16-B0C4-41E1-90EC-ABEBC86D4439}"
EndProject
Project("{FAE04EC0-301F-11D3-BF4B-00C04F79EFBC}") = "Tyuiu.ChepragaDM.Sprint4.Task7.V24", "Tyuiu.ChepragaDM.Sprint4.Task7.V24\Tyuiu.ChepragaDM.Sprint4.Task7.V24.csproj", "{AEFB11E7-8377-479A-AFF5-492D9ECD4220}"
EndProject
Project("{FAE04EC0-301F-11D3-BF4B-00C04F79EFBC}") = "Tyuiu.ChepragaDM.Sprint4.Task7.V24.Test", "Tyuiu.ChepragaDM.Sprint4.Task7.V24.Test\Tyuiu.ChepragaDM.Sprint4.Task7.V24.Test.csproj", "{3A3C83DD-C5E6-4B7B-8EA7-AE9DAC01DA11}"
EndProject
Global
	GlobalSection(SolutionConfigurationPlatforms) = preSolution
		Debug|Any CPU = Debug|Any CPU
		Release|Any CPU = Release|Any CPU
	EndGlobalSection
	GlobalSection(ProjectConfigurationPlatforms) = postSolution
		{3BE68F4D-2B0C-4B7F-9BCE-450DE53F6898}.Debug|Any CPU.ActiveCfg = Debug|Any CPU
		{3BE68F4D-2B0C-4B7F-9BCE-450DE53F6898}.Debug|Any CPU.Build.0 = Debug|Any CPU
		{3BE68F4D-2B0C-4B7F-9BCE-450DE53F6898}.Release|Any CPU.ActiveCfg = Release|Any CPU
		{3BE68F4D-2B0C-4B7F-9BCE-450DE53F6898}.Release|Any CPU.Build.0 = Release|Any CPU
		{FEB2DB32-A2C5-43BA-94A6-E329C69AECAD}.Debug|Any CPU.ActiveCfg = Debug|Any CPU
		{FEB2DB32-A2C5-43BA-94A6-E329C69AECAD}.Debug|Any CPU.Build.0 = Debug|Any CPU
		{FEB2DB32-A2C5-43BA-94A6-E329C69AECAD}.Release|Any CPU.ActiveCfg = Release|Any CPU
		{FEB2DB32-A2C5-43BA-94A6-E329C69AECAD}.Release|Any CPU.Build.0 = Release|Any CPU
		{570E73FC-BC9A-4497-9E85-F3455E4CDB67}.Debug|Any CPU.ActiveCfg = Debug|Any CPU
		{570E73FC-BC9A-4497-9E85-F3455E4CDB67}.Debug|Any CPU.Build.0 = Debug|Any CPU
		{570E73FC-BC9A-4497-9E85-F3455E4CDB67}.Release|Any CPU.ActiveCfg = Release|Any CPU
		{570E73FC-BC9A-4497-9E85-F3455E4CDB67}.Release|Any CPU.Build.0 = Release|Any CPU
		{F7E36FC9-A460-4FA1-AEC7-4CC092827DDF}.Debug|Any CPU.ActiveCfg = Debug|Any CPU
		{F7E36FC9-A460-4FA1-AEC7-4CC092827DDF}.Debug|Any CPU.Build.0 = Debug|Any CPU
		{F7E36FC9-A460-4FA1-AEC7-4CC092827DDF}.Release|Any CPU.ActiveCfg = Release|Any CPU
		{F7E36FC9-A460-4FA1-AEC7-4CC092827DDF}.Release|Any CPU.Build.0 = Release|Any CPU
		{2BFA694B-407D-4C1E-A20D-88E0D6E97024}.Debug|Any CPU.ActiveCfg = Debug|Any CPU
		{2BFA694B-407D-4C1E-A20D-88E0D6E97024}.Debug|Any CPU.Build.0 = Debug|Any CPU
		{2BFA694B-407D-4C1E-A20D-88E0D6E97024}.Release|Any CPU.ActiveCfg = Release|Any CPU
		{2BFA694B-407D-4C1E-A20D-88E0D6E97024}.Release|Any CPU.Build.0 = Release|Any CPU
		{0D134DD9-119E-4367-8074-1D4507597D0E}.Debug|Any CPU.ActiveCfg = Debug|Any CPU
		{0D134DD9-119E-4367-8074-1D4507597D0E}.Debug|Any CPU.Build.0 = Debug|Any CPU
		{0D134DD9-119E-4367-8074-1D4507597D0E}.Release|Any CPU.ActiveCfg = Release|Any CPU
		{0D134DD9-119E-4367-8074-1D4507597D0E}.Release|Any CPU.Build.0 = Release|Any CPU
		{CB63C6CF-56D9-4BC7-B951-6A0FD47A6FF3}.Debug|Any CPU.ActiveCfg = Debug|Any CPU
		{CB63C6CF-56D9-4BC7-B951-6A0FD47A6FF3}.Debug|Any CPU.Build.0 = Debug|Any CPU
		{CB63C6CF-56D9-4BC7-B951-6A0FD47A6FF3}.Release|Any CPU.ActiveCfg = Release|Any CPU
		{CB63C6CF-56D9-4BC7-B951-6A0FD47A6FF3}.Release|Any CPU.Build.0 = Release|Any CPU
		{E64571D1-8AC4-4480-A4E1-45170D2579CD}.Debug|Any CPU.ActiveCfg = Debug|Any CPU
		{E64571D1-8AC4-4480-A4E1-45170D2579CD}.Debug|Any CPU.Build.0 = Debug|Any CPU
		{E64571D1-8AC4-4480-A4E1-45170D2579CD}.Release|Any CPU.ActiveCfg = Release|Any CPU
		{E64571D1-8AC4-4480-A4E1-45170D2579CD}.Release|Any CPU.Build.0 = Release|Any CPU
		{464C9C87-EDC5-4F47-8BA7-7E0E971A5417}.Debug|Any CPU.ActiveCfg = Debug|Any CPU
		{464C9C87-EDC5-4F47-8BA7-7E0E971A5417}.Debug|Any CPU.Build.0 = Debug|Any CPU
		{464C9C87-EDC5-4F47-8BA7-7E0E971A5417}.Release|Any CPU.ActiveCfg = Release|Any CPU
		{464C9C87-EDC5-4F47-8BA7-7E0E971A5417}.Release|Any CPU.Build.0 = Release|Any CPU
		{2D994FAC-9FBD-47D9-B7A1-3751DC03C6BD}.Debug|Any CPU.ActiveCfg = Debug|Any CPU
		{2D994FAC-9FBD-47D9-B7A1-3751DC03C6BD}.Debug|Any CPU.Build.0 = Debug|Any CPU
		{2D994FAC-9FBD-47D9-B7A1-3751DC03C6BD}.Release|Any CPU.ActiveCfg = Release|Any CPU
		{2D994FAC-9FBD-47D9-B7A1-3751DC03C6BD}.Release|Any CPU.Build.0 = Release|Any CPU
		{507ACC09-D575-4A8F-A684-56432A6C40CF}.Debug|Any CPU.ActiveCfg = Debug|Any CPU
		{507ACC09-D575-4A8F-A684-56432A6C40CF}.Debug|Any CPU.Build.0 = Debug|Any CPU
		{507ACC09-D575-4A8F-A684-56432A6C40CF}.Release|Any CPU.ActiveCfg = Release|Any CPU
		{507ACC09-D575-4A8F-A684-56432A6C40CF}.Release|Any CPU.Build.0 = Release|Any CPU
		{B94606DC-8B22-4F49-A63A-0FC6B93251BB}.Debug|Any CPU.ActiveCfg = Debug|Any CPU
		{B94606DC-8B22-4F49-A63A-0FC6B93251BB}.Debug|Any CPU.Build.0 = Debug|Any CPU
		{B94606DC-8B22-4F49-A63A-0FC6B93251BB}.Release|Any CPU.ActiveCfg = Release|Any CPU
		{B94606DC-8B22-4F49-A63A-0FC6B93251BB}.Release|Any CPU.Build.0 = Release|Any CPU
		{3B76EBDF-54C9-425F-B4E7-102085A965B5}.Debug|Any CPU.ActiveCfg = Debug|Any CPU
		{3B76EBDF-54C9-425F-B4E7-102085A965B5}.Debug|Any CPU.Build.0 = Debug|Any CPU
		{3B76EBDF-54C9-425F-B4E7-102085A965B5}.Release|Any CPU.ActiveCfg = Release|Any CPU
		{3B76EBDF-54C9-425F-B4E7-102085A965B5}.Release|Any CPU.Build.0 = Release|Any CPU
		{4BF2DDA1-C484-43B9-8C54-51201EE33F0E}.Debug|Any CPU.ActiveCfg = Debug|Any CPU
		{4BF2DDA1-C484-43B9-8C54-51201EE33F0E}.Debug|Any CPU.Build.0 = Debug|Any CPU
		{4BF2DDA1-C484-43B9-8C54-51201EE33F0E}.Release|Any CPU.ActiveCfg = Release|Any CPU
		{4BF2DDA1-C484-43B9-8C54-51201EE33F0E}.Release|Any CPU.Build.0 = Release|Any CPU
		{0F592F7C-C8B9-44B4-97D6-CF11A3F98E0C}.Debug|Any CPU.ActiveCfg = Debug|Any CPU
		{0F592F7C-C8B9-44B4-97D6-CF11A3F98E0C}.Debug|Any CPU.Build.0 = Debug|Any CPU
		{0F592F7C-C8B9-44B4-97D6-CF11A3F98E0C}.Release|Any CPU.ActiveCfg = Release|Any CPU
		{0F592F7C-C8B9-44B4-97D6-CF11A3F98E0C}.Release|Any CPU.Build.0 = Release|Any CPU
		{5BE6FD48-0CC7-4895-9146-68F336799974}.Debug|Any CPU.ActiveCfg = Debug|Any CPU
		{5BE6FD48-0CC7-4895-9146-68F336799974}.Debug|Any CPU.Build.0 = Debug|Any CPU
		{5BE6FD48-0CC7-4895-9146-68F336799974}.Release|Any CPU.ActiveCfg = Release|Any CPU
		{5BE6FD48-0CC7-4895-9146-68F336799974}.Release|Any CPU.Build.0 = Release|Any CPU
		{E7490F27-71F9-47D4-9DA0-4B1F13152561}.Debug|Any CPU.ActiveCfg = Debug|Any CPU
		{E7490F27-71F9-47D4-9DA0-4B1F13152561}.Debug|Any CPU.Build.0 = Debug|Any CPU
		{E7490F27-71F9-47D4-9DA0-4B1F13152561}.Release|Any CPU.ActiveCfg = Release|Any CPU
		{E7490F27-71F9-47D4-9DA0-4B1F13152561}.Release|Any CPU.Build.0 = Release|Any CPU
		{57A99969-97FD-4DA8-A0BE-F733720617E4}.Debug|Any CPU.ActiveCfg = Debug|Any CPU
		{57A99969-97FD-4DA8-A0BE-F733720617E4}.Debug|Any CPU.Build.0 = Debug|Any CPU
		{57A99969-97FD-4DA8-A0BE-F733720617E4}.Release|Any CPU.ActiveCfg = Release|Any CPU
		{57A99969-97FD-4DA8-A0BE-F733720617E4}.Release|Any CPU.Build.0 = Release|Any CPU
		{739AB7DB-E5A8-418E-90FE-D63D5843461A}.Debug|Any CPU.ActiveCfg = Debug|Any CPU
		{739AB7DB-E5A8-418E-90FE-D63D5843461A}.Debug|Any CPU.Build.0 = Debug|Any CPU
		{739AB7DB-E5A8-418E-90FE-D63D5843461A}.Release|Any CPU.ActiveCfg = Release|Any CPU
		{739AB7DB-E5A8-418E-90FE-D63D5843461A}.Release|Any CPU.Build.0 = Release|Any CPU
		{213F74C4-C6DF-4775-B768-5BFAEDF7C26C}.Debug|Any CPU.ActiveCfg = Debug|Any CPU
		{213F74C4-C6DF-4775-B768-5BFAEDF7C26C}.Debug|Any CPU.Build.0 = Debug|Any CPU
		{213F74C4-C6DF-4775-B768-5BFAEDF7C26C}.Release|Any CPU.ActiveCfg = Release|Any CPU
		{213F74C4-C6DF-4775-B768-5BFAEDF7C26C}.Release|Any CPU.Build.0 = Release|Any CPU
		{E3A19C6C-B9BC-4F92-ABA7-C629830FA008}.Debug|Any CPU.ActiveCfg = Debug|Any CPU
		{E3A19C6C-B9BC-4F92-ABA7-C629830FA008}.Debug|Any CPU.Build.0 = Debug|Any CPU
		{E3A19C6C-B9BC-4F92-ABA7-C629830FA008}.Release|Any CPU.ActiveCfg = Release|Any CPU
		{E3A19C6C-B9BC-4F92-ABA7-C629830FA008}.Release|Any CPU.Build.0 = Release|Any CPU
		{4F829E16-B0C4-41E1-90EC-ABEBC86D4439}.Debug|Any CPU.ActiveCfg = Debug|Any CPU
		{4F829E16-B0C4-41E1-90EC-ABEBC86D4439}.Debug|Any CPU.Build.0 = Debug|Any CPU
		{4F829E16-B0C4-41E1-90EC-ABEBC86D4439}.Release|Any CPU.ActiveCfg = Release|Any CPU
		{4F829E16-B0C4-41E1-90EC-ABEBC86D4439}.Release|Any CPU.Build.0 = Release|Any CPU
		{AEFB11E7-8377-479A-AFF5-492D9ECD4220}.Debug|Any CPU.ActiveCfg = Debug|Any CPU
		{AEFB11E7-8377-479A-AFF5-492D9ECD4220}.Debug|Any CPU.Build.0 = Debug|Any CPU
		{AEFB11E7-8377-479A-AFF5-492D9ECD4220}.Release|Any CPU.ActiveCfg = Release|Any CPU
		{AEFB11E7-8377-479A-AFF5-492D9ECD4220}.Release|Any CPU.Build.0 = Release|Any CPU
		{3A3C83DD-C5E6-4B7B-8EA7-AE9DAC01DA11}.Debug|Any CPU.ActiveCfg = Debug|Any CPU
		{3A3C83DD-C5E6-4B7B-8EA7-AE9DAC01DA11}.Debug|Any CPU.Build.0 = Debug|Any CPU
		{3A3C83DD-C5E6-4B7B-8EA7-AE9DAC01DA11}.Release|Any CPU.ActiveCfg = Release|Any CPU
		{3A3C83DD-C5E6-4B7B-8EA7-AE9DAC01DA11}.Release|Any CPU.Build.0 = Release|Any CPU
	EndGlobalSection
	GlobalSection(SolutionProperties) = preSolution
		HideSolutionNode = FALSE
	EndGlobalSection
	GlobalSection(NestedProjects) = preSolution
		{3BE68F4D-2B0C-4B7F-9BCE-450DE53F6898} = {02EA681E-C7D8-13C7-8484-4AC65E1B71E8}
		{FEB2DB32-A2C5-43BA-94A6-E329C69AECAD} = {02EA681E-C7D8-13C7-8484-4AC65E1B71E8}
		{570E73FC-BC9A-4497-9E85-F3455E4CDB67} = {02EA681E-C7D8-13C7-8484-4AC65E1B71E8}
		{F7E36FC9-A460-4FA1-AEC7-4CC092827DDF} = {0607C40D-2DC0-4CA9-A39E-1167C3DF605A}
		{2BFA694B-407D-4C1E-A20D-88E0D6E97024} = {0607C40D-2DC0-4CA9-A39E-1167C3DF605A}
		{0D134DD9-119E-4367-8074-1D4507597D0E} = {0607C40D-2DC0-4CA9-A39E-1167C3DF605A}
		{CB63C6CF-56D9-4BC7-B951-6A0FD47A6FF3} = {813BE3B5-830D-4C78-BEB3-A3C682EF8589}
		{E64571D1-8AC4-4480-A4E1-45170D2579CD} = {813BE3B5-830D-4C78-BEB3-A3C682EF8589}
		{464C9C87-EDC5-4F47-8BA7-7E0E971A5417} = {813BE3B5-830D-4C78-BEB3-A3C682EF8589}
		{2D994FAC-9FBD-47D9-B7A1-3751DC03C6BD} = {F86262DE-5844-4BF0-910A-F1A8B5EB2587}
		{507ACC09-D575-4A8F-A684-56432A6C40CF} = {F86262DE-5844-4BF0-910A-F1A8B5EB2587}
		{B94606DC-8B22-4F49-A63A-0FC6B93251BB} = {F86262DE-5844-4BF0-910A-F1A8B5EB2587}
		{3B76EBDF-54C9-425F-B4E7-102085A965B5} = {D0E05DAC-BB61-43F9-8596-55CBA6E72EFB}
		{4BF2DDA1-C484-43B9-8C54-51201EE33F0E} = {D0E05DAC-BB61-43F9-8596-55CBA6E72EFB}
		{0F592F7C-C8B9-44B4-97D6-CF11A3F98E0C} = {D0E05DAC-BB61-43F9-8596-55CBA6E72EFB}
		{5BE6FD48-0CC7-4895-9146-68F336799974} = {4103BF87-1DD5-4B2A-ADC1-37F72A7721D2}
		{E7490F27-71F9-47D4-9DA0-4B1F13152561} = {4103BF87-1DD5-4B2A-ADC1-37F72A7721D2}
		{57A99969-97FD-4DA8-A0BE-F733720617E4} = {4103BF87-1DD5-4B2A-ADC1-37F72A7721D2}
		{739AB7DB-E5A8-418E-90FE-D63D5843461A} = {DD6F1CCA-6340-4D04-B2EA-21428C434349}
		{213F74C4-C6DF-4775-B768-5BFAEDF7C26C} = {DD6F1CCA-6340-4D04-B2EA-21428C434349}
		{E3A19C6C-B9BC-4F92-ABA7-C629830FA008} = {DD6F1CCA-6340-4D04-B2EA-21428C434349}
		{4F829E16-B0C4-41E1-90EC-ABEBC86D4439} = {5C23EF18-8144-45F4-9DFA-4885818A1FD8}
		{AEFB11E7-8377-479A-AFF5-492D9ECD4220} = {5C23EF18-8144-45F4-9DFA-4885818A1FD8}
		{3A3C83DD-C5E6-4B7B-8EA7-AE9DAC01DA11} = {5C23EF18-8144-45F4-9DFA-4885818A1FD8}
	EndGlobalSection
	GlobalSection(ExtensibilityGlobals) = postSolution
		SolutionGuid = {702AD5DD-A06E-4B93-A880-1ED99049C9C7}
	EndGlobalSection
EndGlobal
